
Microsoft Visual Studio Solution File, Format Version 12.00
# Visual Studio 15
VisualStudioVersion = 15.0.27428.2011
MinimumVisualStudioVersion = 10.0.40219.1
Project("{9A19103F-16F7-4668-BE54-9A1E7A4F7556}") = "ASJ", "ASJ.csproj", "{DECA505B-BB56-4671-ACC4-1BE604B24DCB}"
EndProject
Global
	GlobalSection(SolutionConfigurationPlatforms) = preSolution
		CDC|Any CPU = CDC|Any CPU
		Debug|Any CPU = Debug|Any CPU
		Release|Any CPU = Release|Any CPU
		Stage|Any CPU = Stage|Any CPU
	EndGlobalSection
	GlobalSection(ProjectConfigurationPlatforms) = postSolution
		{DECA505B-BB56-4671-ACC4-1BE604B24DCB}.CDC|Any CPU.ActiveCfg = Release|Any CPU
		{DECA505B-BB56-4671-ACC4-1BE604B24DCB}.CDC|Any CPU.Build.0 = Release|Any CPU
		{DECA505B-BB56-4671-ACC4-1BE604B24DCB}.Debug|Any CPU.ActiveCfg = Debug|Any CPU
		{DECA505B-BB56-4671-ACC4-1BE604B24DCB}.Debug|Any CPU.Build.0 = Debug|Any CPU
		{DECA505B-BB56-4671-ACC4-1BE604B24DCB}.Release|Any CPU.ActiveCfg = Release|Any CPU
		{DECA505B-BB56-4671-ACC4-1BE604B24DCB}.Release|Any CPU.Build.0 = Release|Any CPU
		{DECA505B-BB56-4671-ACC4-1BE604B24DCB}.Stage|Any CPU.ActiveCfg = Release|Any CPU
		{DECA505B-BB56-4671-ACC4-1BE604B24DCB}.Stage|Any CPU.Build.0 = Release|Any CPU
	EndGlobalSection
	GlobalSection(SolutionProperties) = preSolution
		HideSolutionNode = FALSE
	EndGlobalSection
	GlobalSection(ExtensibilityGlobals) = postSolution
		SolutionGuid = {90048A40-851B-40BB-91F9-82991EDDCD6F}
	EndGlobalSection
EndGlobal
